github.com/telego/telego v0.10.0 h1:h2k87JvUaU53L48f+N1YfXk2oKq1Y7F6t7z9u/f7v/g=
github.com/telego/telego v0.10.0/go.mod h1:p0pQ2n4r6n7q9k1s8t9y1d2d3e5f6g7h8i9j0k1l2m3n4o5p6=
golang.org/x/sync v0.7.0 h1:aFm3y7wWz8z2x1y5u6s7t8v9w0x1y2a3b4c5d6e7f8g9h0i1j2k3l4m5=
golang.org/x/sync v0.7.0/go.mod h1:g2h3i4j5k6l7m8n9o0p1q2r3s4t5u6v7w8x9y0a1b2c3d4e5f6g7h8i9=
